
Microsoft Visual Studio Solution File, Format Version 12.00
# Visual Studio Version 16
VisualStudioVersion = 16.0.31729.503
MinimumVisualStudioVersion = 10.0.40219.1
Project("{FAE04EC0-301F-11D3-BF4B-00C04F79EFBC}") = "shopxemay", "shopxemay\shopxemay.csproj", "{2549E8AB-55FD-4257-A303-018ED52273A9}"
EndProject
Global
	GlobalSection(SolutionConfigurationPlatforms) = preSolution
		Debug|Any CPU = Debug|Any CPU
		Release|Any CPU = Release|Any CPU
	EndGlobalSection
	GlobalSection(ProjectConfigurationPlatforms) = postSolution
		{2549E8AB-55FD-4257-A303-018ED52273A9}.Debug|Any CPU.ActiveCfg = Debug|Any CPU
		{2549E8AB-55FD-4257-A303-018ED52273A9}.Debug|Any CPU.Build.0 = Debug|Any CPU
		{2549E8AB-55FD-4257-A303-018ED52273A9}.Release|Any CPU.ActiveCfg = Release|Any CPU
		{2549E8AB-55FD-4257-A303-018ED52273A9}.Release|Any CPU.Build.0 = Release|Any CPU
	EndGlobalSection
	GlobalSection(SolutionProperties) = preSolution
		HideSolutionNode = FALSE
	EndGlobalSection
	GlobalSection(ExtensibilityGlobals) = postSolution
		SolutionGuid = {4835F236-B354-4A71-8138-E16B9F0532F5}
	EndGlobalSection
EndGlobal
